{
  "requires": true,
  "lockfileVersion": 1,
  "dependencies": {
    "@angular/core": {
      "version": "8.0.0",
      "resolved": "https://registry.npmjs.org/@angular/core/-/core-8.0.0.tgz",
      "integrity": "sha512-mrkP1PTzqCmZGLYll+TDyawLXHzi+FcRPqSuRxCmDMthUUE93SLXT2yISDkx9aMPtFKgFr6KfrIkKuCz16BP/g==",
      "requires": {
        "tslib": "^1.9.0"
      }
    },
    "@okta/configuration-validation": {
      "version": "0.1.1",
      "resolved": "https://registry.npmjs.org/@okta/configuration-validation/-/configuration-validation-0.1.1.tgz",
      "integrity": "sha512-nXULaL9l6W5eODVgXxvr0wmde3nE6JLSmGBpZ0axPsaLLx3wo/aY5mC1JwWtIF1kyrfzRHEHIPmdUZ+U5xq/CQ=="
    },
    "@okta/okta-angular": {
      "version": "1.2.1",
      "resolved": "https://registry.npmjs.org/@okta/okta-angular/-/okta-angular-1.2.1.tgz",
      "integrity": "sha512-rg6souk2WeCIK/490I61Resx0qbv4bTiAmohcw2dsMscYPdmg7/3wEhdqQqvJv3Nz+0XScjQXzPNorlve4nTkQ==",
      "requires": {
        "@okta/configuration-validation": "^0.3.0",
        "@okta/okta-auth-js": "^2.0.0"
      },
      "dependencies": {
        "@okta/configuration-validation": {
          "version": "0.3.0",
          "resolved": "https://registry.npmjs.org/@okta/configuration-validation/-/configuration-validation-0.3.0.tgz",
          "integrity": "sha512-GWu+IpqkpE+Pl2BgxiF2CxuQpo0ZpeTG4M6musJXzVX70RNdH0wuM+SCIjT+yTbzcHl0LpXkC58M2YQtT2OSrw=="
        }
      }
    },
    "@okta/okta-auth-js": {
      "version": "2.6.0",
      "resolved": "https://registry.npmjs.org/@okta/okta-auth-js/-/okta-auth-js-2.6.0.tgz",
      "integrity": "sha512-O6CGnEPMcC08q175XjlCH9/9KCJZ3xg/rl6IRdI7akxHWwbOaOVdiWQ44Kvrjc70TAv5ewUnrt5NMnLHc1eG8w==",
      "requires": {
        "Base64": "0.3.0",
        "cross-fetch": "^3.0.0",
        "js-cookie": "2.2.0",
        "node-cache": "^4.2.0",
        "q": "1.4.1",
        "reqwest": "2.0.5",
        "tiny-emitter": "1.1.0",
        "xhr2": "0.1.3"
      }
    },
    "Base64": {
      "version": "0.3.0",
      "resolved": "https://registry.npmjs.org/Base64/-/Base64-0.3.0.tgz",
      "integrity": "sha1-baJhpOgNT6D1xoQlTlvM0Wu9zp8="
    },
    "clone": {
      "version": "2.1.2",
      "resolved": "https://registry.npmjs.org/clone/-/clone-2.1.2.tgz",
      "integrity": "sha1-G39Ln1kfHo+DZwQBYANFoCiHQ18="
    },
    "cross-fetch": {
      "version": "3.0.3",
      "resolved": "https://registry.npmjs.org/cross-fetch/-/cross-fetch-3.0.3.tgz",
      "integrity": "sha512-mplYkc4CopHu+AdHK8wxjJcPskUxp5CvPTdtDij3MUgVNBa0xOb9CQqbbn1zO23qISM4WLxIBociyEVQL7WQAg==",
      "requires": {
        "node-fetch": "2.6.0",
        "whatwg-fetch": "3.0.0"
      }
    },
    "js-cookie": {
      "version": "2.2.0",
      "resolved": "https://registry.npmjs.org/js-cookie/-/js-cookie-2.2.0.tgz",
      "integrity": "sha1-Gywnmm7s44ChIWi5JIUmWzWx7/s="
    },
    "lodash": {
      "version": "4.17.11",
      "resolved": "https://registry.npmjs.org/lodash/-/lodash-4.17.11.tgz",
      "integrity": "sha512-cQKh8igo5QUhZ7lg38DYWAxMvjSAKG0A8wGSVimP07SIUEK2UO+arSRKbRZWtelMtN5V0Hkwh5ryOto/SshYIg=="
    },
    "node-cache": {
      "version": "4.2.0",
      "resolved": "https://registry.npmjs.org/node-cache/-/node-cache-4.2.0.tgz",
      "integrity": "sha512-obRu6/f7S024ysheAjoYFEEBqqDWv4LOMNJEuO8vMeEw2AT4z+NCzO4hlc2lhI4vATzbCQv6kke9FVdx0RbCOw==",
      "requires": {
        "clone": "2.x",
        "lodash": "4.x"
      }
    },
    "node-fetch": {
      "version": "2.6.0",
      "resolved": "https://registry.npmjs.org/node-fetch/-/node-fetch-2.6.0.tgz",
      "integrity": "sha512-8dG4H5ujfvFiqDmVu9fQ5bOHUC15JMjMY/Zumv26oOvvVJjM67KF8koCWIabKQ1GJIa9r2mMZscBq/TbdOcmNA=="
    },
    "q": {
      "version": "1.4.1",
      "resolved": "https://registry.npmjs.org/q/-/q-1.4.1.tgz",
      "integrity": "sha1-VXBbzZPF82c1MMLCy8DCs63cKG4="
    },
    "reqwest": {
      "version": "2.0.5",
      "resolved": "https://registry.npmjs.org/reqwest/-/reqwest-2.0.5.tgz",
      "integrity": "sha1-APsVrEkYxBnKgrQ/JMeIguZgOaE="
    },
    "tiny-emitter": {
      "version": "1.1.0",
      "resolved": "https://registry.npmjs.org/tiny-emitter/-/tiny-emitter-1.1.0.tgz",
      "integrity": "sha1-q0BaIf/tgUp2wZc5ZICT1wZU/ss="
    },
    "tslib": {
      "version": "1.9.3",
      "resolved": "https://registry.npmjs.org/tslib/-/tslib-1.9.3.tgz",
      "integrity": "sha512-4krF8scpejhaOgqzBEcGM7yDIEfi0/8+8zDRZhNZZ2kjmHJ4hv3zCbQWxoJGz1iw5U0Jl0nma13xzHXcncMavQ=="
    },
    "whatwg-fetch": {
      "version": "3.0.0",
      "resolved": "https://registry.npmjs.org/whatwg-fetch/-/whatwg-fetch-3.0.0.tgz",
      "integrity": "sha512-9GSJUgz1D4MfyKU7KRqwOjXCXTqWdFNvEr7eUBYchQiVc744mqK/MzXPNR2WsPkmkOa4ywfg8C2n8h+13Bey1Q=="
    },
    "xhr2": {
      "version": "0.1.3",
      "resolved": "https://registry.npmjs.org/xhr2/-/xhr2-0.1.3.tgz",
      "integrity": "sha1-y/xHWaabSoiOeM9PILBRA4dXvRE="
    }
  }
}
